
Microsoft Visual Studio Solution File, Format Version 12.00
# Visual Studio Version 17
VisualStudioVersion = 17.5.33530.505
MinimumVisualStudioVersion = 10.0.40219.1
Project("{FAE04EC0-301F-11D3-BF4B-00C04F79EFBC}") = "AGP_CoordinateWST", "AGP_CoordinateWST.csproj", "{F231283A-0587-40E6-AA6A-B03A84FDCE2B}"
EndProject
Global
	GlobalSection(SolutionConfigurationPlatforms) = preSolution
		Debug|Any CPU = Debug|Any CPU
		Release|Any CPU = Release|Any CPU
	EndGlobalSection
	GlobalSection(ProjectConfigurationPlatforms) = postSolution
		{F231283A-0587-40E6-AA6A-B03A84FDCE2B}.Debug|Any CPU.ActiveCfg = Debug|Any CPU
		{F231283A-0587-40E6-AA6A-B03A84FDCE2B}.Debug|Any CPU.Build.0 = Debug|Any CPU
		{F231283A-0587-40E6-AA6A-B03A84FDCE2B}.Release|Any CPU.ActiveCfg = Release|Any CPU
		{F231283A-0587-40E6-AA6A-B03A84FDCE2B}.Release|Any CPU.Build.0 = Release|Any CPU
	EndGlobalSection
	GlobalSection(SolutionProperties) = preSolution
		HideSolutionNode = FALSE
	EndGlobalSection
	GlobalSection(ExtensibilityGlobals) = postSolution
		SolutionGuid = {7AEBCB24-DD28-4A00-9910-E4E3D452F0BA}
	EndGlobalSection
EndGlobal
